
Microsoft Visual Studio Solution File, Format Version 12.00
# Visual Studio Version 17
VisualStudioVersion = 17.8.34309.116
MinimumVisualStudioVersion = 10.0.40219.1
Project("{8BC9CEB8-8B4A-11D0-8D11-00A0C91BC942}") = "HW_1", "HW_1.vcxproj", "{36B7DCBF-7AAF-4A99-BE92-22A18F8BE1EC}"
EndProject
Global
	GlobalSection(SolutionConfigurationPlatforms) = preSolution
		Debug|x64 = Debug|x64
		Debug|x86 = Debug|x86
		Release|x64 = Release|x64
		Release|x86 = Release|x86
	EndGlobalSection
	GlobalSection(ProjectConfigurationPlatforms) = postSolution
		{36B7DCBF-7AAF-4A99-BE92-22A18F8BE1EC}.Debug|x64.ActiveCfg = Debug|x64
		{36B7DCBF-7AAF-4A99-BE92-22A18F8BE1EC}.Debug|x64.Build.0 = Debug|x64
		{36B7DCBF-7AAF-4A99-BE92-22A18F8BE1EC}.Debug|x86.ActiveCfg = Debug|Win32
		{36B7DCBF-7AAF-4A99-BE92-22A18F8BE1EC}.Debug|x86.Build.0 = Debug|Win32
		{36B7DCBF-7AAF-4A99-BE92-22A18F8BE1EC}.Release|x64.ActiveCfg = Release|x64
		{36B7DCBF-7AAF-4A99-BE92-22A18F8BE1EC}.Release|x64.Build.0 = Release|x64
		{36B7DCBF-7AAF-4A99-BE92-22A18F8BE1EC}.Release|x86.ActiveCfg = Release|Win32
		{36B7DCBF-7AAF-4A99-BE92-22A18F8BE1EC}.Release|x86.Build.0 = Release|Win32
	EndGlobalSection
	GlobalSection(SolutionProperties) = preSolution
		HideSolutionNode = FALSE
	EndGlobalSection
	GlobalSection(ExtensibilityGlobals) = postSolution
		SolutionGuid = {5A2DC5D5-6A5A-4669-9AEF-0AC8555E6E2F}
	EndGlobalSection
EndGlobal
